
Microsoft Visual Studio Solution File, Format Version 12.00
# Visual Studio 2012
Project("{FAE04EC0-301F-11D3-BF4B-00C04F79EFBC}") = "Csharp.Fundamentals", "Csharp.Fundamentals.csproj", "{1CE20293-2A80-4F05-A370-7208D00DAFB2}"
EndProject
Project("{2150E333-8FDC-42A3-9474-1A3956D46DE8}") = "Solution Items", "Solution Items", "{AC93C206-5809-46DC-87DE-AFBDE625955D}"
	ProjectSection(SolutionItems) = preProject
		README.md = README.md
	EndProjectSection
EndProject
Global
	GlobalSection(SolutionConfigurationPlatforms) = preSolution
		Debug|Any CPU = Debug|Any CPU
		Release|Any CPU = Release|Any CPU
		Default|Any CPU = Default|Any CPU
	EndGlobalSection
	GlobalSection(ProjectConfigurationPlatforms) = postSolution
		{1CE20293-2A80-4F05-A370-7208D00DAFB2}.Debug|Any CPU.ActiveCfg = Debug|Any CPU
		{1CE20293-2A80-4F05-A370-7208D00DAFB2}.Debug|Any CPU.Build.0 = Debug|Any CPU
		{1CE20293-2A80-4F05-A370-7208D00DAFB2}.Release|Any CPU.ActiveCfg = Release|Any CPU
		{1CE20293-2A80-4F05-A370-7208D00DAFB2}.Release|Any CPU.Build.0 = Release|Any CPU
		{1CE20293-2A80-4F05-A370-7208D00DAFB2}.Default|Any CPU.ActiveCfg = Debug|Any CPU
		{1CE20293-2A80-4F05-A370-7208D00DAFB2}.Default|Any CPU.Build.0 = Debug|Any CPU
	EndGlobalSection
EndGlobal
